
Microsoft Visual Studio Solution File, Format Version 12.00
# Visual Studio Version 17
VisualStudioVersion = 17.13.35931.197
MinimumVisualStudioVersion = 10.0.40219.1
Project("{FAE04EC0-301F-11D3-BF4B-00C04F79EFBC}") = "BookStore.Application", "BookStore.Application\BookStore.Application.csproj", "{29037E13-1C53-45A3-AA4B-0FC85C798103}"
EndProject
Project("{FAE04EC0-301F-11D3-BF4B-00C04F79EFBC}") = "BookStore.Infrastructure", "BookStore.Infrastructure\BookStore.Infrastructure.csproj", "{F294DCB3-5E7A-45EE-A6FC-DBD19DB64B3B}"
EndProject
Project("{FAE04EC0-301F-11D3-BF4B-00C04F79EFBC}") = "BookStore.Web", "BookStore.Web\BookStore.Web.csproj", "{2272466D-D95F-4099-9E24-AEC54CA7A6F6}"
EndProject
Project("{FAE04EC0-301F-11D3-BF4B-00C04F79EFBC}") = "BookStore.Domain", "BookStore.Domain\BookStore.Domain.csproj", "{68E508F1-65AA-4930-92A2-C202A37302E2}"
EndProject
Project("{FAE04EC0-301F-11D3-BF4B-00C04F79EFBC}") = "BookStore.Application.Tests", "BookStore.Application.Tests\BookStore.Application.Tests.csproj", "{1128F3E8-7DEF-4013-ACCE-1DE7AC0AF8D1}"
EndProject
Global
	GlobalSection(SolutionConfigurationPlatforms) = preSolution
		Debug|Any CPU = Debug|Any CPU
		Release|Any CPU = Release|Any CPU
	EndGlobalSection
	GlobalSection(ProjectConfigurationPlatforms) = postSolution
		{29037E13-1C53-45A3-AA4B-0FC85C798103}.Debug|Any CPU.ActiveCfg = Debug|Any CPU
		{29037E13-1C53-45A3-AA4B-0FC85C798103}.Debug|Any CPU.Build.0 = Debug|Any CPU
		{29037E13-1C53-45A3-AA4B-0FC85C798103}.Release|Any CPU.ActiveCfg = Release|Any CPU
		{29037E13-1C53-45A3-AA4B-0FC85C798103}.Release|Any CPU.Build.0 = Release|Any CPU
		{F294DCB3-5E7A-45EE-A6FC-DBD19DB64B3B}.Debug|Any CPU.ActiveCfg = Debug|Any CPU
		{F294DCB3-5E7A-45EE-A6FC-DBD19DB64B3B}.Debug|Any CPU.Build.0 = Debug|Any CPU
		{F294DCB3-5E7A-45EE-A6FC-DBD19DB64B3B}.Release|Any CPU.ActiveCfg = Release|Any CPU
		{F294DCB3-5E7A-45EE-A6FC-DBD19DB64B3B}.Release|Any CPU.Build.0 = Release|Any CPU
		{2272466D-D95F-4099-9E24-AEC54CA7A6F6}.Debug|Any CPU.ActiveCfg = Debug|Any CPU
		{2272466D-D95F-4099-9E24-AEC54CA7A6F6}.Debug|Any CPU.Build.0 = Debug|Any CPU
		{2272466D-D95F-4099-9E24-AEC54CA7A6F6}.Release|Any CPU.ActiveCfg = Release|Any CPU
		{2272466D-D95F-4099-9E24-AEC54CA7A6F6}.Release|Any CPU.Build.0 = Release|Any CPU
		{68E508F1-65AA-4930-92A2-C202A37302E2}.Debug|Any CPU.ActiveCfg = Debug|Any CPU
		{68E508F1-65AA-4930-92A2-C202A37302E2}.Debug|Any CPU.Build.0 = Debug|Any CPU
		{68E508F1-65AA-4930-92A2-C202A37302E2}.Release|Any CPU.ActiveCfg = Release|Any CPU
		{68E508F1-65AA-4930-92A2-C202A37302E2}.Release|Any CPU.Build.0 = Release|Any CPU
		{1128F3E8-7DEF-4013-ACCE-1DE7AC0AF8D1}.Debug|Any CPU.ActiveCfg = Debug|Any CPU
		{1128F3E8-7DEF-4013-ACCE-1DE7AC0AF8D1}.Debug|Any CPU.Build.0 = Debug|Any CPU
		{1128F3E8-7DEF-4013-ACCE-1DE7AC0AF8D1}.Release|Any CPU.ActiveCfg = Release|Any CPU
		{1128F3E8-7DEF-4013-ACCE-1DE7AC0AF8D1}.Release|Any CPU.Build.0 = Release|Any CPU
	EndGlobalSection
	GlobalSection(SolutionProperties) = preSolution
		HideSolutionNode = FALSE
	EndGlobalSection
	GlobalSection(ExtensibilityGlobals) = postSolution
		SolutionGuid = {24D57B42-4C05-43B1-B55C-5A627FBB7A44}
	EndGlobalSection
EndGlobal
